
Microsoft Visual Studio Solution File, Format Version 12.00
# Visual Studio Version 17
VisualStudioVersion = 17.4.33205.214
MinimumVisualStudioVersion = 10.0.40219.1
Project("{FAE04EC0-301F-11D3-BF4B-00C04F79EFBC}") = "LMSApi", "LMSApi\LMSApi.csproj", "{B55EC42D-08D3-4754-8745-62E201773484}"
EndProject
Global
	GlobalSection(SolutionConfigurationPlatforms) = preSolution
		Debug|Any CPU = Debug|Any CPU
		Release|Any CPU = Release|Any CPU
	EndGlobalSection
	GlobalSection(ProjectConfigurationPlatforms) = postSolution
		{B55EC42D-08D3-4754-8745-62E201773484}.Debug|Any CPU.ActiveCfg = Debug|Any CPU
		{B55EC42D-08D3-4754-8745-62E201773484}.Debug|Any CPU.Build.0 = Debug|Any CPU
		{B55EC42D-08D3-4754-8745-62E201773484}.Release|Any CPU.ActiveCfg = Release|Any CPU
		{B55EC42D-08D3-4754-8745-62E201773484}.Release|Any CPU.Build.0 = Release|Any CPU
	EndGlobalSection
	GlobalSection(SolutionProperties) = preSolution
		HideSolutionNode = FALSE
	EndGlobalSection
	GlobalSection(ExtensibilityGlobals) = postSolution
		SolutionGuid = {32A53AB5-EB24-4D85-A111-06D6488B7AAF}
	EndGlobalSection
EndGlobal
